
Microsoft Visual Studio Solution File, Format Version 12.00
# Visual Studio 15
VisualStudioVersion = 15.0.28307.1231
MinimumVisualStudioVersion = 10.0.40219.1
Project("{D2ABAB84-BF74-430A-B69E-9DC6D40DDA17}") = "Analisis_de_resultados", "Analisis_de_resultados\Analisis_de_resultados.dwproj", "{D9848006-CA86-4B4E-8975-2694D63F95D7}"
EndProject
Global
	GlobalSection(SolutionConfigurationPlatforms) = preSolution
		Development|Default = Development|Default
	EndGlobalSection
	GlobalSection(ProjectConfigurationPlatforms) = postSolution
		{D9848006-CA86-4B4E-8975-2694D63F95D7}.Development|Default.ActiveCfg = Development
		{D9848006-CA86-4B4E-8975-2694D63F95D7}.Development|Default.Build.0 = Development
		{D9848006-CA86-4B4E-8975-2694D63F95D7}.Development|Default.Deploy.0 = Development
	EndGlobalSection
	GlobalSection(SolutionProperties) = preSolution
		HideSolutionNode = FALSE
	EndGlobalSection
	GlobalSection(ExtensibilityGlobals) = postSolution
		SolutionGuid = {924EA984-266E-4947-BFF4-0004AC9FE723}
	EndGlobalSection
EndGlobal
